
Microsoft Visual Studio Solution File, Format Version 12.00
# Visual Studio Version 16
VisualStudioVersion = 16.0.31613.86
MinimumVisualStudioVersion = 10.0.40219.1
Project("{FAE04EC0-301F-11D3-BF4B-00C04F79EFBC}") = "RestService", "RestService.csproj", "{9558CCAC-E83C-457E-8888-F681F7BD6029}"
EndProject
Global
	GlobalSection(SolutionConfigurationPlatforms) = preSolution
		Debug|Any CPU = Debug|Any CPU
		Release|Any CPU = Release|Any CPU
	EndGlobalSection
	GlobalSection(ProjectConfigurationPlatforms) = postSolution
		{9558CCAC-E83C-457E-8888-F681F7BD6029}.Debug|Any CPU.ActiveCfg = Debug|Any CPU
		{9558CCAC-E83C-457E-8888-F681F7BD6029}.Debug|Any CPU.Build.0 = Debug|Any CPU
		{9558CCAC-E83C-457E-8888-F681F7BD6029}.Release|Any CPU.ActiveCfg = Release|Any CPU
		{9558CCAC-E83C-457E-8888-F681F7BD6029}.Release|Any CPU.Build.0 = Release|Any CPU
	EndGlobalSection
	GlobalSection(SolutionProperties) = preSolution
		HideSolutionNode = FALSE
	EndGlobalSection
	GlobalSection(ExtensibilityGlobals) = postSolution
		SolutionGuid = {67073AA6-A330-4AA9-922C-29B003E2A160}
	EndGlobalSection
EndGlobal
